
Microsoft Visual Studio Solution File, Format Version 12.00
# Visual Studio Version 17
VisualStudioVersion = 17.8.34309.116
MinimumVisualStudioVersion = 10.0.40219.1
Project("{FAE04EC0-301F-11D3-BF4B-00C04F79EFBC}") = "WinFormsApp1", "WinFormsApp1\WinFormsApp1.csproj", "{1893D05F-CAE0-4F94-B07D-96CA8070FF3A}"
EndProject
Global
	GlobalSection(SolutionConfigurationPlatforms) = preSolution
		Debug|Any CPU = Debug|Any CPU
		Release|Any CPU = Release|Any CPU
	EndGlobalSection
	GlobalSection(ProjectConfigurationPlatforms) = postSolution
		{1893D05F-CAE0-4F94-B07D-96CA8070FF3A}.Debug|Any CPU.ActiveCfg = Debug|Any CPU
		{1893D05F-CAE0-4F94-B07D-96CA8070FF3A}.Debug|Any CPU.Build.0 = Debug|Any CPU
		{1893D05F-CAE0-4F94-B07D-96CA8070FF3A}.Release|Any CPU.ActiveCfg = Release|Any CPU
		{1893D05F-CAE0-4F94-B07D-96CA8070FF3A}.Release|Any CPU.Build.0 = Release|Any CPU
	EndGlobalSection
	GlobalSection(SolutionProperties) = preSolution
		HideSolutionNode = FALSE
	EndGlobalSection
	GlobalSection(ExtensibilityGlobals) = postSolution
		SolutionGuid = {E3CA65A1-941B-4CB8-A411-B8BA9F50BB03}
	EndGlobalSection
EndGlobal
